{
  "originHash" : "0341bdfc02c5c9a81f4a34ead47db76b2f665682f289b4212beb04aef7338d5c",
  "pins" : [
    {
      "identity" : "readyremit-sdk-ios",
      "kind" : "remoteSourceControl",
      "location" : "https://github.com/BrightwellPayments/readyremit-sdk-ios",
      "state" : {
        "revision" : "72d532dd03f1a1e31226924961da2bcc05c8f602",
        "version" : "10.0.0"
      }
    }
  ],
  "version" : 3
}
